// !$*UTF8*$!
{
	archiveVersion = 1;
	classes = {
	};
	objectVersion = 46;
	objects = {

/* Begin PBXBuildFile section */
		7D17BEDD1CF40E94008FC7D1 /* LaunchScreen.storyboard in Resources */ = {isa = PBXBuildFile; fileRef = 7D17BEDB1CF40E94008FC7D1 /* LaunchScreen.storyboard */; };
		7D17BF191CF47375008FC7D1 /* libz.tbd in Frameworks */ = {isa = PBXBuildFile; fileRef = 7D17BF181CF47375008FC7D1 /* libz.tbd */; };
		7D17BF3B1CF48659008FC7D1 /* AppDelegate.m in Sources */ = {isa = PBXBuildFile; fileRef = 7D17BF1C1CF48659008FC7D1 /* AppDelegate.m */; };
		7D17BF4B1CF48673008FC7D1 /* ImagesListViewController.m in Sources */ = {isa = PBXBuildFile; fileRef = 7D17BF4A1CF48673008FC7D1 /* ImagesListViewController.m */; };
		7D31CF181CF329990084F3B4 /* main.m in Sources */ = {isa = PBXBuildFile; fileRef = 7D31CF171CF329990084F3B4 /* main.m */; };
		7D31CF231CF329990084F3B4 /* Assets.xcassets in Resources */ = {isa = PBXBuildFile; fileRef = 7D31CF221CF329990084F3B4 /* Assets.xcassets */; };
		7DAFF6F21CF588F400DDC6FA /* UIKit.framework in Frameworks */ = {isa = PBXBuildFile; fileRef = 7DAFF6F11CF588F400DDC6FA /* UIKit.framework */; };
		7DAFF6F41CF5890300DDC6FA /* QuartzCore.framework in Frameworks */ = {isa = PBXBuildFile; fileRef = 7DAFF6F31CF5890300DDC6FA /* QuartzCore.framework */; };
		9210C6541CFA91B800DF2FAC /* ImageDetails.m in Sources */ = {isa = PBXBuildFile; fileRef = 9210C6531CFA91B800DF2FAC /* ImageDetails.m */; };
		9210C6581CFAAF6100DF2FAC /* CommonFunc.m in Sources */ = {isa = PBXBuildFile; fileRef = 9210C6571CFAAF6100DF2FAC /* CommonFunc.m */; };
		924B45751CF98DF5004727B3 /* Touch Json in Resources */ = {isa = PBXBuildFile; fileRef = 924B45741CF98DF5004727B3 /* Touch Json */; };
		924B45771CF98E69004727B3 /* Foundation.framework in Frameworks */ = {isa = PBXBuildFile; fileRef = 924B45761CF98E69004727B3 /* Foundation.framework */; };
		924B45C41CF99130004727B3 /* NSObject+SBJson.m in Sources */ = {isa = PBXBuildFile; fileRef = 924B459C1CF99130004727B3 /* NSObject+SBJson.m */; };
		924B45C51CF99130004727B3 /* SBJsonParser.m in Sources */ = {isa = PBXBuildFile; fileRef = 924B459F1CF99130004727B3 /* SBJsonParser.m */; };
		924B45C61CF99130004727B3 /* SBJsonStreamParser.m in Sources */ = {isa = PBXBuildFile; fileRef = 924B45A11CF99130004727B3 /* SBJsonStreamParser.m */; };
		924B45C71CF99130004727B3 /* SBJsonStreamParserAccumulator.m in Sources */ = {isa = PBXBuildFile; fileRef = 924B45A31CF99130004727B3 /* SBJsonStreamParserAccumulator.m */; };
		924B45C81CF99130004727B3 /* SBJsonStreamParserAdapter.m in Sources */ = {isa = PBXBuildFile; fileRef = 924B45A51CF99130004727B3 /* SBJsonStreamParserAdapter.m */; };
		924B45C91CF99130004727B3 /* SBJsonStreamParserState.m in Sources */ = {isa = PBXBuildFile; fileRef = 924B45A71CF99130004727B3 /* SBJsonStreamParserState.m */; };
		924B45CA1CF99130004727B3 /* SBJsonStreamWriter.m in Sources */ = {isa = PBXBuildFile; fileRef = 924B45A91CF99130004727B3 /* SBJsonStreamWriter.m */; };
		924B45CB1CF99130004727B3 /* SBJsonStreamWriterAccumulator.m in Sources */ = {isa = PBXBuildFile; fileRef = 924B45AB1CF99130004727B3 /* SBJsonStreamWriterAccumulator.m */; };
		924B45CC1CF99130004727B3 /* SBJsonStreamWriterState.m in Sources */ = {isa = PBXBuildFile; fileRef = 924B45AD1CF99130004727B3 /* SBJsonStreamWriterState.m */; };
		924B45CD1CF99130004727B3 /* SBJsonTokeniser.m in Sources */ = {isa = PBXBuildFile; fileRef = 924B45AF1CF99130004727B3 /* SBJsonTokeniser.m */; };
		924B45CE1CF99130004727B3 /* SBJsonUTF8Stream.m in Sources */ = {isa = PBXBuildFile; fileRef = 924B45B11CF99130004727B3 /* SBJsonUTF8Stream.m */; };
		924B45CF1CF99130004727B3 /* SBJsonWriter.m in Sources */ = {isa = PBXBuildFile; fileRef = 924B45B31CF99130004727B3 /* SBJsonWriter.m */; };
		924B45D01CF99130004727B3 /* Reachability.m in Sources */ = {isa = PBXBuildFile; fileRef = 924B45B71CF99130004727B3 /* Reachability.m */; };
		924B45D11CF99130004727B3 /* CJSONDeserializer.m in Sources */ = {isa = PBXBuildFile; fileRef = 924B45BA1CF99130004727B3 /* CJSONDeserializer.m */; };
		924B45D21CF99130004727B3 /* CJSONSerializer.m in Sources */ = {isa = PBXBuildFile; fileRef = 924B45BC1CF99130004727B3 /* CJSONSerializer.m */; };
		924B45D31CF99130004727B3 /* NSDictionary_JSONExtensions.m in Sources */ = {isa = PBXBuildFile; fileRef = 924B45BF1CF99130004727B3 /* NSDictionary_JSONExtensions.m */; };
		924B45D41CF99130004727B3 /* WriteImage.m in Sources */ = {isa = PBXBuildFile; fileRef = 924B45C21CF99130004727B3 /* WriteImage.m */; };
		924B45D91CF99628004727B3 /* NSData+GZIP.m in Sources */ = {isa = PBXBuildFile; fileRef = 924B45D81CF99628004727B3 /* NSData+GZIP.m */; };
		924B45DA1CF99748004727B3 /* NSData+GZIP.h in Sources */ = {isa = PBXBuildFile; fileRef = 924B45D71CF99628004727B3 /* NSData+GZIP.h */; };
		927395161CF35CD000710876 /* Launch.xib in Resources */ = {isa = PBXBuildFile; fileRef = 927395151CF35CD000710876 /* Launch.xib */; };
/* End PBXBuildFile section */

/* Begin PBXFileReference section */
		7D17BEDC1CF40E94008FC7D1 /* Base */ = {isa = PBXFileReference; lastKnownFileType = file.storyboard; name = Base; path = Base.lproj/LaunchScreen.storyboard; sourceTree = "<group>"; };
		7D17BEE81CF42EF1008FC7D1 /* TechM-Ankur_PrefixHeader.pch */ = {isa = PBXFileReference; lastKnownFileType = sourcecode.c.h; path = "TechM-Ankur_PrefixHeader.pch"; sourceTree = "<group>"; };
		7D17BF181CF47375008FC7D1 /* libz.tbd */ = {isa = PBXFileReference; lastKnownFileType = "sourcecode.text-based-dylib-definition"; name = libz.tbd; path = usr/lib/libz.tbd; sourceTree = SDKROOT; };
		7D17BF1B1CF48659008FC7D1 /* AppDelegate.h */ = {isa = PBXFileReference; fileEncoding = 4; lastKnownFileType = sourcecode.c.h; path = AppDelegate.h; sourceTree = "<group>"; };
		7D17BF1C1CF48659008FC7D1 /* AppDelegate.m */ = {isa = PBXFileReference; fileEncoding = 4; lastKnownFileType = sourcecode.c.objc; path = AppDelegate.m; sourceTree = "<group>"; };
		7D17BF491CF48673008FC7D1 /* ImagesListViewController.h */ = {isa = PBXFileReference; fileEncoding = 4; lastKnownFileType = sourcecode.c.h; path = ImagesListViewController.h; sourceTree = "<group>"; };
		7D17BF4A1CF48673008FC7D1 /* ImagesListViewController.m */ = {isa = PBXFileReference; fileEncoding = 4; lastKnownFileType = sourcecode.c.objc; path = ImagesListViewController.m; sourceTree = "<group>"; };
		7D31CF131CF329990084F3B4 /* TechM-Ankur.app */ = {isa = PBXFileReference; explicitFileType = wrapper.application; includeInIndex = 0; path = "TechM-Ankur.app"; sourceTree = BUILT_PRODUCTS_DIR; };
		7D31CF171CF329990084F3B4 /* main.m */ = {isa = PBXFileReference; lastKnownFileType = sourcecode.c.objc; path = main.m; sourceTree = "<group>"; };
		7D31CF221CF329990084F3B4 /* Assets.xcassets */ = {isa = PBXFileReference; lastKnownFileType = folder.assetcatalog; path = Assets.xcassets; sourceTree = "<group>"; };
		7D31CF271CF329990084F3B4 /* Info.plist */ = {isa = PBXFileReference; lastKnownFileType = text.plist.xml; path = Info.plist; sourceTree = "<group>"; };
		7DAFF6F11CF588F400DDC6FA /* UIKit.framework */ = {isa = PBXFileReference; lastKnownFileType = wrapper.framework; name = UIKit.framework; path = System/Library/Frameworks/UIKit.framework; sourceTree = SDKROOT; };
		7DAFF6F31CF5890300DDC6FA /* QuartzCore.framework */ = {isa = PBXFileReference; lastKnownFileType = wrapper.framework; name = QuartzCore.framework; path = System/Library/Frameworks/QuartzCore.framework; sourceTree = SDKROOT; };
		9210C6521CFA91B800DF2FAC /* ImageDetails.h */ = {isa = PBXFileReference; fileEncoding = 4; lastKnownFileType = sourcecode.c.h; path = ImageDetails.h; sourceTree = "<group>"; };
		9210C6531CFA91B800DF2FAC /* ImageDetails.m */ = {isa = PBXFileReference; fileEncoding = 4; lastKnownFileType = sourcecode.c.objc; path = ImageDetails.m; sourceTree = "<group>"; };
		9210C6561CFAAF6100DF2FAC /* CommonFunc.h */ = {isa = PBXFileReference; fileEncoding = 4; lastKnownFileType = sourcecode.c.h; path = CommonFunc.h; sourceTree = "<group>"; };
		9210C6571CFAAF6100DF2FAC /* CommonFunc.m */ = {isa = PBXFileReference; fileEncoding = 4; lastKnownFileType = sourcecode.c.objc; path = CommonFunc.m; sourceTree = "<group>"; };
		924B45741CF98DF5004727B3 /* Touch Json */ = {isa = PBXFileReference; lastKnownFileType = folder; name = "Touch Json"; path = "/Users/Ankur/Iphone Developer/TechM-ANkur/TechM-Ankur/TechM-Ankur/Resources/Touch Json"; sourceTree = "<absolute>"; };
		924B45761CF98E69004727B3 /* Foundation.framework */ = {isa = PBXFileReference; lastKnownFileType = wrapper.framework; name = Foundation.framework; path = System/Library/Frameworks/Foundation.framework; sourceTree = SDKROOT; };
		924B459B1CF99130004727B3 /* NSObject+SBJson.h */ = {isa = PBXFileReference; fileEncoding = 4; lastKnownFileType = sourcecode.c.h; path = "NSObject+SBJson.h"; sourceTree = "<group>"; };
		924B459C1CF99130004727B3 /* NSObject+SBJson.m */ = {isa = PBXFileReference; fileEncoding = 4; lastKnownFileType = sourcecode.c.objc; path = "NSObject+SBJson.m"; sourceTree = "<group>"; };
		924B459D1CF99130004727B3 /* SBJson.h */ = {isa = PBXFileReference; fileEncoding = 4; lastKnownFileType = sourcecode.c.h; path = SBJson.h; sourceTree = "<group>"; };
		924B459E1CF99130004727B3 /* SBJsonParser.h */ = {isa = PBXFileReference; fileEncoding = 4; lastKnownFileType = sourcecode.c.h; path = SBJsonParser.h; sourceTree = "<group>"; };
		924B459F1CF99130004727B3 /* SBJsonParser.m */ = {isa = PBXFileReference; fileEncoding = 4; lastKnownFileType = sourcecode.c.objc; path = SBJsonParser.m; sourceTree = "<group>"; };
		924B45A01CF99130004727B3 /* SBJsonStreamParser.h */ = {isa = PBXFileReference; fileEncoding = 4; lastKnownFileType = sourcecode.c.h; path = SBJsonStreamParser.h; sourceTree = "<group>"; };
		924B45A11CF99130004727B3 /* SBJsonStreamParser.m */ = {isa = PBXFileReference; fileEncoding = 4; lastKnownFileType = sourcecode.c.objc; path = SBJsonStreamParser.m; sourceTree = "<group>"; };
		924B45A21CF99130004727B3 /* SBJsonStreamParserAccumulator.h */ = {isa = PBXFileReference; fileEncoding = 4; lastKnownFileType = sourcecode.c.h; path = SBJsonStreamParserAccumulator.h; sourceTree = "<group>"; };
		924B45A31CF99130004727B3 /* SBJsonStreamParserAccumulator.m */ = {isa = PBXFileReference; fileEncoding = 4; lastKnownFileType = sourcecode.c.objc; path = SBJsonStreamParserAccumulator.m; sourceTree = "<group>"; };
		924B45A41CF99130004727B3 /* SBJsonStreamParserAdapter.h */ = {isa = PBXFileReference; fileEncoding = 4; lastKnownFileType = sourcecode.c.h; path = SBJsonStreamParserAdapter.h; sourceTree = "<group>"; };
		924B45A51CF99130004727B3 /* SBJsonStreamParserAdapter.m */ = {isa = PBXFileReference; fileEncoding = 4; lastKnownFileType = sourcecode.c.objc; path = SBJsonStreamParserAdapter.m; sourceTree = "<group>"; };
		924B45A61CF99130004727B3 /* SBJsonStreamParserState.h */ = {isa = PBXFileReference; fileEncoding = 4; lastKnownFileType = sourcecode.c.h; path = SBJsonStreamParserState.h; sourceTree = "<group>"; };
		924B45A71CF99130004727B3 /* SBJsonStreamParserState.m */ = {isa = PBXFileReference; fileEncoding = 4; lastKnownFileType = sourcecode.c.objc; path = SBJsonStreamParserState.m; sourceTree = "<group>"; };
		924B45A81CF99130004727B3 /* SBJsonStreamWriter.h */ = {isa = PBXFileReference; fileEncoding = 4; lastKnownFileType = sourcecode.c.h; path = SBJsonStreamWriter.h; sourceTree = "<group>"; };
		924B45A91CF99130004727B3 /* SBJsonStreamWriter.m */ = {isa = PBXFileReference; fileEncoding = 4; lastKnownFileType = sourcecode.c.objc; path = SBJsonStreamWriter.m; sourceTree = "<group>"; };
		924B45AA1CF99130004727B3 /* SBJsonStreamWriterAccumulator.h */ = {isa = PBXFileReference; fileEncoding = 4; lastKnownFileType = sourcecode.c.h; path = SBJsonStreamWriterAccumulator.h; sourceTree = "<group>"; };
		924B45AB1CF99130004727B3 /* SBJsonStreamWriterAccumulator.m */ = {isa = PBXFileReference; fileEncoding = 4; lastKnownFileType = sourcecode.c.objc; path = SBJsonStreamWriterAccumulator.m; sourceTree = "<group>"; };
		924B45AC1CF99130004727B3 /* SBJsonStreamWriterState.h */ = {isa = PBXFileReference; fileEncoding = 4; lastKnownFileType = sourcecode.c.h; path = SBJsonStreamWriterState.h; sourceTree = "<group>"; };
		924B45AD1CF99130004727B3 /* SBJsonStreamWriterState.m */ = {isa = PBXFileReference; fileEncoding = 4; lastKnownFileType = sourcecode.c.objc; path = SBJsonStreamWriterState.m; sourceTree = "<group>"; };
		924B45AE1CF99130004727B3 /* SBJsonTokeniser.h */ = {isa = PBXFileReference; fileEncoding = 4; lastKnownFileType = sourcecode.c.h; path = SBJsonTokeniser.h; sourceTree = "<group>"; };
		924B45AF1CF99130004727B3 /* SBJsonTokeniser.m */ = {isa = PBXFileReference; fileEncoding = 4; lastKnownFileType = sourcecode.c.objc; path = SBJsonTokeniser.m; sourceTree = "<group>"; };
		924B45B01CF99130004727B3 /* SBJsonUTF8Stream.h */ = {isa = PBXFileReference; fileEncoding = 4; lastKnownFileType = sourcecode.c.h; path = SBJsonUTF8Stream.h; sourceTree = "<group>"; };
		924B45B11CF99130004727B3 /* SBJsonUTF8Stream.m */ = {isa = PBXFileReference; fileEncoding = 4; lastKnownFileType = sourcecode.c.objc; path = SBJsonUTF8Stream.m; sourceTree = "<group>"; };
		924B45B21CF99130004727B3 /* SBJsonWriter.h */ = {isa = PBXFileReference; fileEncoding = 4; lastKnownFileType = sourcecode.c.h; path = SBJsonWriter.h; sourceTree = "<group>"; };
		924B45B31CF99130004727B3 /* SBJsonWriter.m */ = {isa = PBXFileReference; fileEncoding = 4; lastKnownFileType = sourcecode.c.objc; path = SBJsonWriter.m; sourceTree = "<group>"; };
		924B45B61CF99130004727B3 /* Reachability.h */ = {isa = PBXFileReference; fileEncoding = 4; lastKnownFileType = sourcecode.c.h; path = Reachability.h; sourceTree = "<group>"; };
		924B45B71CF99130004727B3 /* Reachability.m */ = {isa = PBXFileReference; fileEncoding = 4; lastKnownFileType = sourcecode.c.objc; path = Reachability.m; sourceTree = "<group>"; };
		924B45B91CF99130004727B3 /* CJSONDeserializer.h */ = {isa = PBXFileReference; fileEncoding = 4; lastKnownFileType = sourcecode.c.h; path = CJSONDeserializer.h; sourceTree = "<group>"; };
		924B45BA1CF99130004727B3 /* CJSONDeserializer.m */ = {isa = PBXFileReference; fileEncoding = 4; lastKnownFileType = sourcecode.c.objc; path = CJSONDeserializer.m; sourceTree = "<group>"; };
		924B45BB1CF99130004727B3 /* CJSONSerializer.h */ = {isa = PBXFileReference; fileEncoding = 4; lastKnownFileType = sourcecode.c.h; path = CJSONSerializer.h; sourceTree = "<group>"; };
		924B45BC1CF99130004727B3 /* CJSONSerializer.m */ = {isa = PBXFileReference; fileEncoding = 4; lastKnownFileType = sourcecode.c.objc; path = CJSONSerializer.m; sourceTree = "<group>"; };
		924B45BD1CF99130004727B3 /* JSONRepresentation.h */ = {isa = PBXFileReference; fileEncoding = 4; lastKnownFileType = sourcecode.c.h; path = JSONRepresentation.h; sourceTree = "<group>"; };
		924B45BE1CF99130004727B3 /* NSDictionary_JSONExtensions.h */ = {isa = PBXFileReference; fileEncoding = 4; lastKnownFileType = sourcecode.c.h; path = NSDictionary_JSONExtensions.h; sourceTree = "<group>"; };
		924B45BF1CF99130004727B3 /* NSDictionary_JSONExtensions.m */ = {isa = PBXFileReference; fileEncoding = 4; lastKnownFileType = sourcecode.c.objc; path = NSDictionary_JSONExtensions.m; sourceTree = "<group>"; };
		924B45C11CF99130004727B3 /* WriteImage.h */ = {isa = PBXFileReference; fileEncoding = 4; lastKnownFileType = sourcecode.c.h; path = WriteImage.h; sourceTree = "<group>"; };
		924B45C21CF99130004727B3 /* WriteImage.m */ = {isa = PBXFileReference; fileEncoding = 4; lastKnownFileType = sourcecode.c.objc; path = WriteImage.m; sourceTree = "<group>"; };
		924B45D61CF99628004727B3 /* GZIP.h */ = {isa = PBXFileReference; fileEncoding = 4; lastKnownFileType = sourcecode.c.h; path = GZIP.h; sourceTree = "<group>"; };
		924B45D71CF99628004727B3 /* NSData+GZIP.h */ = {isa = PBXFileReference; fileEncoding = 4; lastKnownFileType = sourcecode.c.h; path = "NSData+GZIP.h"; sourceTree = "<group>"; };
		924B45D81CF99628004727B3 /* NSData+GZIP.m */ = {isa = PBXFileReference; fileEncoding = 4; lastKnownFileType = sourcecode.c.objc; path = "NSData+GZIP.m"; sourceTree = "<group>"; };
		927395151CF35CD000710876 /* Launch.xib */ = {isa = PBXFileReference; fileEncoding = 4; lastKnownFileType = file.xib; path = Launch.xib; sourceTree = "<group>"; };
/* End PBXFileReference section */

/* Begin PBXFrameworksBuildPhase section */
		7D31CF101CF329990084F3B4 /* Frameworks */ = {
			isa = PBXFrameworksBuildPhase;
			buildActionMask = 2147483647;
			files = (
				924B45771CF98E69004727B3 /* Foundation.framework in Frameworks */,
				7DAFF6F41CF5890300DDC6FA /* QuartzCore.framework in Frameworks */,
				7DAFF6F21CF588F400DDC6FA /* UIKit.framework in Frameworks */,
				7D17BF191CF47375008FC7D1 /* libz.tbd in Frameworks */,
			);
			runOnlyForDeploymentPostprocessing = 0;
		};
/* End PBXFrameworksBuildPhase section */

/* Begin PBXGroup section */
		7D17BF171CF4735B008FC7D1 /* Framework */ = {
			isa = PBXGroup;
			children = (
				924B45761CF98E69004727B3 /* Foundation.framework */,
				7DAFF6F31CF5890300DDC6FA /* QuartzCore.framework */,
				7DAFF6F11CF588F400DDC6FA /* UIKit.framework */,
				7D17BF181CF47375008FC7D1 /* libz.tbd */,
			);
			path = Framework;
			sourceTree = "<group>";
		};
		7D17BF1A1CF48659008FC7D1 /* Class */ = {
			isa = PBXGroup;
			children = (
				7D17BF1B1CF48659008FC7D1 /* AppDelegate.h */,
				7D17BF1C1CF48659008FC7D1 /* AppDelegate.m */,
				9210C6521CFA91B800DF2FAC /* ImageDetails.h */,
				9210C6531CFA91B800DF2FAC /* ImageDetails.m */,
				7D17BF491CF48673008FC7D1 /* ImagesListViewController.h */,
				7D17BF4A1CF48673008FC7D1 /* ImagesListViewController.m */,
			);
			path = Class;
			sourceTree = "<group>";
		};
		7D31CF0A1CF329990084F3B4 = {
			isa = PBXGroup;
			children = (
				7D31CF151CF329990084F3B4 /* TechM-Ankur */,
				7D31CF141CF329990084F3B4 /* Products */,
			);
			sourceTree = "<group>";
		};
		7D31CF141CF329990084F3B4 /* Products */ = {
			isa = PBXGroup;
			children = (
				7D31CF131CF329990084F3B4 /* TechM-Ankur.app */,
			);
			name = Products;
			sourceTree = "<group>";
		};
		7D31CF151CF329990084F3B4 /* TechM-Ankur */ = {
			isa = PBXGroup;
			children = (
				924B45961CF99130004727B3 /* Resources */,
				7D17BF1A1CF48659008FC7D1 /* Class */,
				7D17BF171CF4735B008FC7D1 /* Framework */,
				7D17BEDB1CF40E94008FC7D1 /* LaunchScreen.storyboard */,
				927395151CF35CD000710876 /* Launch.xib */,
				7D31CF221CF329990084F3B4 /* Assets.xcassets */,
				7D31CF271CF329990084F3B4 /* Info.plist */,
				7D31CF161CF329990084F3B4 /* Supporting Files */,
				7D17BEE81CF42EF1008FC7D1 /* TechM-Ankur_PrefixHeader.pch */,
			);
			path = "TechM-Ankur";
			sourceTree = "<group>";
		};
		7D31CF161CF329990084F3B4 /* Supporting Files */ = {
			isa = PBXGroup;
			children = (
				7D31CF171CF329990084F3B4 /* main.m */,
			);
			name = "Supporting Files";
			sourceTree = "<group>";
		};
		9210C6551CFAAF4F00DF2FAC /* Common Fun */ = {
			isa = PBXGroup;
			children = (
				9210C6561CFAAF6100DF2FAC /* CommonFunc.h */,
				9210C6571CFAAF6100DF2FAC /* CommonFunc.m */,
			);
			path = "Common Fun";
			sourceTree = "<group>";
		};
		924B45961CF99130004727B3 /* Resources */ = {
			isa = PBXGroup;
			children = (
				9210C6551CFAAF4F00DF2FAC /* Common Fun */,
				924B45D51CF99628004727B3 /* Gzip1 */,
				924B459A1CF99130004727B3 /* JSON Framwork */,
				924B45B51CF99130004727B3 /* Reachability */,
				924B45B81CF99130004727B3 /* Touch JSON */,
				924B45C01CF99130004727B3 /* WriteImage */,
			);
			path = Resources;
			sourceTree = "<group>";
		};
		924B459A1CF99130004727B3 /* JSON Framwork */ = {
			isa = PBXGroup;
			children = (
				924B459B1CF99130004727B3 /* NSObject+SBJson.h */,
				924B459C1CF99130004727B3 /* NSObject+SBJson.m */,
				924B459D1CF99130004727B3 /* SBJson.h */,
				924B459E1CF99130004727B3 /* SBJsonParser.h */,
				924B459F1CF99130004727B3 /* SBJsonParser.m */,
				924B45A01CF99130004727B3 /* SBJsonStreamParser.h */,
				924B45A11CF99130004727B3 /* SBJsonStreamParser.m */,
				924B45A21CF99130004727B3 /* SBJsonStreamParserAccumulator.h */,
				924B45A31CF99130004727B3 /* SBJsonStreamParserAccumulator.m */,
				924B45A41CF99130004727B3 /* SBJsonStreamParserAdapter.h */,
				924B45A51CF99130004727B3 /* SBJsonStreamParserAdapter.m */,
				924B45A61CF99130004727B3 /* SBJsonStreamParserState.h */,
				924B45A71CF99130004727B3 /* SBJsonStreamParserState.m */,
				924B45A81CF99130004727B3 /* SBJsonStreamWriter.h */,
				924B45A91CF99130004727B3 /* SBJsonStreamWriter.m */,
				924B45AA1CF99130004727B3 /* SBJsonStreamWriterAccumulator.h */,
				924B45AB1CF99130004727B3 /* SBJsonStreamWriterAccumulator.m */,
				924B45AC1CF99130004727B3 /* SBJsonStreamWriterState.h */,
				924B45AD1CF99130004727B3 /* SBJsonStreamWriterState.m */,
				924B45AE1CF99130004727B3 /* SBJsonTokeniser.h */,
				924B45AF1CF99130004727B3 /* SBJsonTokeniser.m */,
				924B45B01CF99130004727B3 /* SBJsonUTF8Stream.h */,
				924B45B11CF99130004727B3 /* SBJsonUTF8Stream.m */,
				924B45B21CF99130004727B3 /* SBJsonWriter.h */,
				924B45B31CF99130004727B3 /* SBJsonWriter.m */,
			);
			path = "JSON Framwork";
			sourceTree = "<group>";
		};
		924B45B51CF99130004727B3 /* Reachability */ = {
			isa = PBXGroup;
			children = (
				924B45B61CF99130004727B3 /* Reachability.h */,
				924B45B71CF99130004727B3 /* Reachability.m */,
			);
			path = Reachability;
			sourceTree = "<group>";
		};
		924B45B81CF99130004727B3 /* Touch JSON */ = {
			isa = PBXGroup;
			children = (
				924B45B91CF99130004727B3 /* CJSONDeserializer.h */,
				924B45BA1CF99130004727B3 /* CJSONDeserializer.m */,
				924B45BB1CF99130004727B3 /* CJSONSerializer.h */,
				924B45BC1CF99130004727B3 /* CJSONSerializer.m */,
				924B45BD1CF99130004727B3 /* JSONRepresentation.h */,
				924B45BE1CF99130004727B3 /* NSDictionary_JSONExtensions.h */,
				924B45BF1CF99130004727B3 /* NSDictionary_JSONExtensions.m */,
			);
			path = "Touch JSON";
			sourceTree = "<group>";
		};
		924B45C01CF99130004727B3 /* WriteImage */ = {
			isa = PBXGroup;
			children = (
				924B45C11CF99130004727B3 /* WriteImage.h */,
				924B45C21CF99130004727B3 /* WriteImage.m */,
			);
			path = WriteImage;
			sourceTree = "<group>";
		};
		924B45D51CF99628004727B3 /* Gzip1 */ = {
			isa = PBXGroup;
			children = (
				924B45D61CF99628004727B3 /* GZIP.h */,
				924B45D71CF99628004727B3 /* NSData+GZIP.h */,
				924B45D81CF99628004727B3 /* NSData+GZIP.m */,
			);
			path = Gzip1;
			sourceTree = "<group>";
		};
/* End PBXGroup section */

/* Begin PBXNativeTarget section */
		7D31CF121CF329990084F3B4 /* TechM-Ankur */ = {
			isa = PBXNativeTarget;
			buildConfigurationList = 7D31CF2A1CF329990084F3B4 /* Build configuration list for PBXNativeTarget "TechM-Ankur" */;
			buildPhases = (
				7D31CF0F1CF329990084F3B4 /* Sources */,
				7D31CF101CF329990084F3B4 /* Frameworks */,
				7D31CF111CF329990084F3B4 /* Resources */,
			);
			buildRules = (
			);
			dependencies = (
			);
			name = "TechM-Ankur";
			productName = "TechM-Ankur";
			productReference = 7D31CF131CF329990084F3B4 /* TechM-Ankur.app */;
			productType = "com.apple.product-type.application";
		};
/* End PBXNativeTarget section */

/* Begin PBXProject section */
		7D31CF0B1CF329990084F3B4 /* Project object */ = {
			isa = PBXProject;
			attributes = {
				LastUpgradeCheck = 0730;
				ORGANIZATIONNAME = "Pro Start Me";
				TargetAttributes = {
					7D31CF121CF329990084F3B4 = {
						CreatedOnToolsVersion = 7.3;
					};
				};
			};
			buildConfigurationList = 7D31CF0E1CF329990084F3B4 /* Build configuration list for PBXProject "TechM-Ankur" */;
			compatibilityVersion = "Xcode 3.2";
			developmentRegion = English;
			hasScannedForEncodings = 0;
			knownRegions = (
				en,
				Base,
			);
			mainGroup = 7D31CF0A1CF329990084F3B4;
			productRefGroup = 7D31CF141CF329990084F3B4 /* Products */;
			projectDirPath = "";
			projectRoot = "";
			targets = (
				7D31CF121CF329990084F3B4 /* TechM-Ankur */,
			);
		};
/* End PBXProject section */

/* Begin PBXResourcesBuildPhase section */
		7D31CF111CF329990084F3B4 /* Resources */ = {
			isa = PBXResourcesBuildPhase;
			buildActionMask = 2147483647;
			files = (
				7D17BEDD1CF40E94008FC7D1 /* LaunchScreen.storyboard in Resources */,
				927395161CF35CD000710876 /* Launch.xib in Resources */,
				7D31CF231CF329990084F3B4 /* Assets.xcassets in Resources */,
				924B45751CF98DF5004727B3 /* Touch Json in Resources */,
			);
			runOnlyForDeploymentPostprocessing = 0;
		};
/* End PBXResourcesBuildPhase section */

/* Begin PBXSourcesBuildPhase section */
		7D31CF0F1CF329990084F3B4 /* Sources */ = {
			isa = PBXSourcesBuildPhase;
			buildActionMask = 2147483647;
			files = (
				924B45DA1CF99748004727B3 /* NSData+GZIP.h in Sources */,
				924B45D91CF99628004727B3 /* NSData+GZIP.m in Sources */,
				9210C6541CFA91B800DF2FAC /* ImageDetails.m in Sources */,
				924B45D31CF99130004727B3 /* NSDictionary_JSONExtensions.m in Sources */,
				7D17BF3B1CF48659008FC7D1 /* AppDelegate.m in Sources */,
				7D17BF4B1CF48673008FC7D1 /* ImagesListViewController.m in Sources */,
				924B45CB1CF99130004727B3 /* SBJsonStreamWriterAccumulator.m in Sources */,
				924B45C71CF99130004727B3 /* SBJsonStreamParserAccumulator.m in Sources */,
				924B45C91CF99130004727B3 /* SBJsonStreamParserState.m in Sources */,
				924B45CF1CF99130004727B3 /* SBJsonWriter.m in Sources */,
				924B45D11CF99130004727B3 /* CJSONDeserializer.m in Sources */,
				924B45D41CF99130004727B3 /* WriteImage.m in Sources */,
				9210C6581CFAAF6100DF2FAC /* CommonFunc.m in Sources */,
				7D31CF181CF329990084F3B4 /* main.m in Sources */,
				924B45CC1CF99130004727B3 /* SBJsonStreamWriterState.m in Sources */,
				924B45C51CF99130004727B3 /* SBJsonParser.m in Sources */,
				924B45CE1CF99130004727B3 /* SBJsonUTF8Stream.m in Sources */,
				924B45C61CF99130004727B3 /* SBJsonStreamParser.m in Sources */,
				924B45CD1CF99130004727B3 /* SBJsonTokeniser.m in Sources */,
				924B45C41CF99130004727B3 /* NSObject+SBJson.m in Sources */,
				924B45CA1CF99130004727B3 /* SBJsonStreamWriter.m in Sources */,
				924B45D21CF99130004727B3 /* CJSONSerializer.m in Sources */,
				924B45C81CF99130004727B3 /* SBJsonStreamParserAdapter.m in Sources */,
				924B45D01CF99130004727B3 /* Reachability.m in Sources */,
			);
			runOnlyForDeploymentPostprocessing = 0;
		};
/* End PBXSourcesBuildPhase section */

/* Begin PBXVariantGroup section */
		7D17BEDB1CF40E94008FC7D1 /* LaunchScreen.storyboard */ = {
			isa = PBXVariantGroup;
			children = (
				7D17BEDC1CF40E94008FC7D1 /* Base */,
			);
			name = LaunchScreen.storyboard;
			sourceTree = "<group>";
		};
/* End PBXVariantGroup section */

/* Begin XCBuildConfiguration section */
		7D31CF281CF329990084F3B4 /* Debug */ = {
			isa = XCBuildConfiguration;
			buildSettings = {
				ALWAYS_SEARCH_USER_PATHS = NO;
				CLANG_ANALYZER_NONNULL = YES;
				CLANG_CXX_LANGUAGE_STANDARD = "gnu++0x";
				CLANG_CXX_LIBRARY = "libc++";
				CLANG_ENABLE_MODULES = YES;
				CLANG_ENABLE_OBJC_ARC = YES;
				CLANG_WARN_BOOL_CONVERSION = YES;
				CLANG_WARN_CONSTANT_CONVERSION = YES;
				CLANG_WARN_DIRECT_OBJC_ISA_USAGE = YES_ERROR;
				CLANG_WARN_EMPTY_BODY = YES;
				CLANG_WARN_ENUM_CONVERSION = YES;
				CLANG_WARN_INT_CONVERSION = YES;
				CLANG_WARN_OBJC_ROOT_CLASS = YES_ERROR;
				CLANG_WARN_UNREACHABLE_CODE = YES;
				CLANG_WARN__DUPLICATE_METHOD_MATCH = YES;
				"CODE_SIGN_IDENTITY[sdk=iphoneos*]" = "iPhone Developer";
				COPY_PHASE_STRIP = NO;
				DEBUG_INFORMATION_FORMAT = dwarf;
				ENABLE_STRICT_OBJC_MSGSEND = YES;
				ENABLE_TESTABILITY = YES;
				GCC_C_LANGUAGE_STANDARD = gnu99;
				GCC_DYNAMIC_NO_PIC = NO;
				GCC_NO_COMMON_BLOCKS = YES;
				GCC_OPTIMIZATION_LEVEL = 0;
				GCC_PREPROCESSOR_DEFINITIONS = (
					"DEBUG=1",
					"$(inherited)",
				);
				GCC_WARN_64_TO_32_BIT_CONVERSION = YES;
				GCC_WARN_ABOUT_RETURN_TYPE = YES_ERROR;
				GCC_WARN_UNDECLARED_SELECTOR = YES;
				GCC_WARN_UNINITIALIZED_AUTOS = YES_AGGRESSIVE;
				GCC_WARN_UNUSED_FUNCTION = YES;
				GCC_WARN_UNUSED_VARIABLE = YES;
				IPHONEOS_DEPLOYMENT_TARGET = 7.0;
				MTL_ENABLE_DEBUG_INFO = YES;
				ONLY_ACTIVE_ARCH = YES;
				SDKROOT = iphoneos;
			};
			name = Debug;
		};
		7D31CF291CF329990084F3B4 /* Release */ = {
			isa = XCBuildConfiguration;
			buildSettings = {
				ALWAYS_SEARCH_USER_PATHS = NO;
				CLANG_ANALYZER_NONNULL = YES;
				CLANG_CXX_LANGUAGE_STANDARD = "gnu++0x";
				CLANG_CXX_LIBRARY = "libc++";
				CLANG_ENABLE_MODULES = YES;
				CLANG_ENABLE_OBJC_ARC = YES;
				CLANG_WARN_BOOL_CONVERSION = YES;
				CLANG_WARN_CONSTANT_CONVERSION = YES;
				CLANG_WARN_DIRECT_OBJC_ISA_USAGE = YES_ERROR;
				CLANG_WARN_EMPTY_BODY = YES;
				CLANG_WARN_ENUM_CONVERSION = YES;
				CLANG_WARN_INT_CONVERSION = YES;
				CLANG_WARN_OBJC_ROOT_CLASS = YES_ERROR;
				CLANG_WARN_UNREACHABLE_CODE = YES;
				CLANG_WARN__DUPLICATE_METHOD_MATCH = YES;
				"CODE_SIGN_IDENTITY[sdk=iphoneos*]" = "iPhone Developer";
				COPY_PHASE_STRIP = NO;
				DEBUG_INFORMATION_FORMAT = "dwarf-with-dsym";
				ENABLE_NS_ASSERTIONS = NO;
				ENABLE_STRICT_OBJC_MSGSEND = YES;
				GCC_C_LANGUAGE_STANDARD = gnu99;
				GCC_NO_COMMON_BLOCKS = YES;
				GCC_WARN_64_TO_32_BIT_CONVERSION = YES;
				GCC_WARN_ABOUT_RETURN_TYPE = YES_ERROR;
				GCC_WARN_UNDECLARED_SELECTOR = YES;
				GCC_WARN_UNINITIALIZED_AUTOS = YES_AGGRESSIVE;
				GCC_WARN_UNUSED_FUNCTION = YES;
				GCC_WARN_UNUSED_VARIABLE = YES;
				IPHONEOS_DEPLOYMENT_TARGET = 7.0;
				MTL_ENABLE_DEBUG_INFO = NO;
				SDKROOT = iphoneos;
				VALIDATE_PRODUCT = YES;
			};
			name = Release;
		};
		7D31CF2B1CF329990084F3B4 /* Debug */ = {
			isa = XCBuildConfiguration;
			buildSettings = {
				ASSETCATALOG_COMPILER_APPICON_NAME = AppIcon;
				GCC_PREFIX_HEADER = "TechM-Ankur/TechM-Ankur_PrefixHeader.pch";
				INFOPLIST_FILE = "TechM-Ankur/Info.plist";
				LD_RUNPATH_SEARCH_PATHS = "$(inherited) @executable_path/Frameworks";
				PRODUCT_BUNDLE_IDENTIFIER = com.ankur.developer;
				PRODUCT_NAME = "$(TARGET_NAME)";
				TARGETED_DEVICE_FAMILY = "1,2";
			};
			name = Debug;
		};
		7D31CF2C1CF329990084F3B4 /* Release */ = {
			isa = XCBuildConfiguration;
			buildSettings = {
				ASSETCATALOG_COMPILER_APPICON_NAME = AppIcon;
				GCC_PREFIX_HEADER = "TechM-Ankur/TechM-Ankur_PrefixHeader.pch";
				INFOPLIST_FILE = "TechM-Ankur/Info.plist";
				LD_RUNPATH_SEARCH_PATHS = "$(inherited) @executable_path/Frameworks";
				PRODUCT_BUNDLE_IDENTIFIER = com.ankur.developer;
				PRODUCT_NAME = "$(TARGET_NAME)";
				TARGETED_DEVICE_FAMILY = "1,2";
			};
			name = Release;
		};
/* End XCBuildConfiguration section */

/* Begin XCConfigurationList section */
		7D31CF0E1CF329990084F3B4 /* Build configuration list for PBXProject "TechM-Ankur" */ = {
			isa = XCConfigurationList;
			buildConfigurations = (
				7D31CF281CF329990084F3B4 /* Debug */,
				7D31CF291CF329990084F3B4 /* Release */,
			);
			defaultConfigurationIsVisible = 0;
			defaultConfigurationName = Release;
		};
		7D31CF2A1CF329990084F3B4 /* Build configuration list for PBXNativeTarget "TechM-Ankur" */ = {
			isa = XCConfigurationList;
			buildConfigurations = (
				7D31CF2B1CF329990084F3B4 /* Debug */,
				7D31CF2C1CF329990084F3B4 /* Release */,
			);
			defaultConfigurationIsVisible = 0;
			defaultConfigurationName = Release;
		};
/* End XCConfigurationList section */
	};
	rootObject = 7D31CF0B1CF329990084F3B4 /* Project object */;
}
